
Microsoft Visual Studio Solution File, Format Version 12.00
# Visual Studio Version 17
VisualStudioVersion = 17.6.33815.320
MinimumVisualStudioVersion = 10.0.40219.1
Project("{FAE04EC0-301F-11D3-BF4B-00C04F79EFBC}") = "Win_Forms_CSV_Vergleich", "Win_Forms_CSV_Vergleich\Win_Forms_CSV_Vergleich.csproj", "{40206A05-01D2-4F2C-8891-2628A4B94202}"
EndProject
Global
	GlobalSection(SolutionConfigurationPlatforms) = preSolution
		Debug|Any CPU = Debug|Any CPU
		Release|Any CPU = Release|Any CPU
	EndGlobalSection
	GlobalSection(ProjectConfigurationPlatforms) = postSolution
		{40206A05-01D2-4F2C-8891-2628A4B94202}.Debug|Any CPU.ActiveCfg = Debug|Any CPU
		{40206A05-01D2-4F2C-8891-2628A4B94202}.Debug|Any CPU.Build.0 = Debug|Any CPU
		{40206A05-01D2-4F2C-8891-2628A4B94202}.Release|Any CPU.ActiveCfg = Release|Any CPU
		{40206A05-01D2-4F2C-8891-2628A4B94202}.Release|Any CPU.Build.0 = Release|Any CPU
	EndGlobalSection
	GlobalSection(SolutionProperties) = preSolution
		HideSolutionNode = FALSE
	EndGlobalSection
	GlobalSection(ExtensibilityGlobals) = postSolution
		SolutionGuid = {6D13AB28-ACE7-4280-818E-0D2FE6765156}
	EndGlobalSection
EndGlobal
